{
  "name": "favre",
  "version": "1.0.0",
  "lockfileVersion": 1,
  "requires": true,
  "dependencies": {
    "debounce": {
      "version": "1.2.1",
      "resolved": "https://registry.npmjs.org/debounce/-/debounce-1.2.1.tgz",
      "integrity": "sha512-XRRe6Glud4rd/ZGQfiV1ruXSfbvfJedlV9Y6zOlP+2K04vBYiJEte6stfFkCP03aMnY5tsipamumUjL14fofug=="
    },
    "ip": {
      "version": "1.1.8",
      "resolved": "https://registry.npmjs.org/ip/-/ip-1.1.8.tgz",
      "integrity": "sha512-PuExPYUiu6qMBQb4l06ecm6T6ujzhmh+MeJcW9wa89PoAz5pvd4zPgN5WJV104mb6S2T1AwNIAaB70JNrLQWhg=="
    },
    "ipfunctions": {
      "version": "0.1.0",
      "resolved": "https://registry.npmjs.org/ipfunctions/-/ipfunctions-0.1.0.tgz",
      "integrity": "sha1-1+SzbFHa+yV6OeZnGm0O8N+IDQY="
    },
    "iprange": {
      "version": "0.1.0",
      "resolved": "https://registry.npmjs.org/iprange/-/iprange-0.1.0.tgz",
      "integrity": "sha1-9TzxAADw+y0AcK/+qpMXDLn9Gyg=",
      "requires": {
        "ipfunctions": "~0.1.0",
        "netmask": "~1.0.4"
      }
    },
    "mustache": {
      "version": "4.2.0",
      "resolved": "https://registry.npmjs.org/mustache/-/mustache-4.2.0.tgz",
      "integrity": "sha512-71ippSywq5Yb7/tVYyGbkBggbU8H3u5Rz56fH60jGFgr8uHwxs+aSKeqmluIVzM0m0kB7xQjKS6qPfd0b2ZoqQ=="
    },
    "netmask": {
      "version": "1.0.6",
      "resolved": "https://registry.npmjs.org/netmask/-/netmask-1.0.6.tgz",
      "integrity": "sha1-ICl+idhvb2QA8lDZ9Pa0wZRfzTU="
    },
    "node-discover": {
      "version": "1.2.1",
      "resolved": "https://registry.npmjs.org/node-discover/-/node-discover-1.2.1.tgz",
      "integrity": "sha512-BR2L7KkLMw008UD+yJGg663tavZh6Yq0Vw7HGUIC40/5O/Ms9qTt+fAbAYOicLrlV3pCaNNZBTGYRKxLar7WaA==",
      "requires": {
        "uuid": "^8.3.1"
      }
    },
    "node-watch": {
      "version": "0.7.3",
      "resolved": "https://registry.npmjs.org/node-watch/-/node-watch-0.7.3.tgz",
      "integrity": "sha512-3l4E8uMPY1HdMMryPRUAl+oIHtXtyiTlIiESNSVSNxcPfzAFzeTbXFQkZfAwBbo0B1qMSG8nUABx+Gd+YrbKrQ=="
    },
    "sleepjs": {
      "version": "4.0.3",
      "resolved": "https://registry.npmjs.org/sleepjs/-/sleepjs-4.0.3.tgz",
      "integrity": "sha512-MwiJ89kr2ockmcrJQR+/8cRlzkCUTPiDjwfMMTE0hwdrEYql1HOnnEt8Qmqa49BjLPt1kAjlrN8W/0dAx0PpvQ=="
    },
    "uuid": {
      "version": "8.3.2",
      "resolved": "https://registry.npmjs.org/uuid/-/uuid-8.3.2.tgz",
      "integrity": "sha512-+NYs2QeMWy+GWFOEm9xnn6HCDp0l7QBD7ml8zLUmJ+93Q5NF0NocErnwkTkXVFNiX3/fpC6afS8Dhb/gz7R7eg=="
    }
  }
}
