{
  "name": "favre",
  "version": "1.0.0",
  "lockfileVersion": 1,
  "requires": true,
  "dependencies": {
    "ip": {
      "version": "1.1.5",
      "resolved": "https://registry.npmjs.org/ip/-/ip-1.1.5.tgz",
      "integrity": "sha1-vd7XARQpCCjAoDnnLvJfWq7ENUo="
    },
    "mustache": {
      "version": "4.1.0",
      "resolved": "https://registry.npmjs.org/mustache/-/mustache-4.1.0.tgz",
      "integrity": "sha512-0FsgP/WVq4mKyjolIyX+Z9Bd+3WS8GOwoUTyKXT5cTYMGeauNTi2HPCwERqseC1IHAy0Z7MDZnJBfjabd4O8GQ=="
    },
    "node-discover": {
      "version": "1.2.0",
      "resolved": "https://registry.npmjs.org/node-discover/-/node-discover-1.2.0.tgz",
      "integrity": "sha512-u7IJLAmPY0vHIgv1+bW1u4cOwlMGYWMLwW+ijGi9ZHZwT16vZlCx+gq6pM3h80aGrCGDNKnTyqFm+e2FRM6EBw==",
      "requires": {
        "uuid": "^8.3.1"
      }
    },
    "node-watch": {
      "version": "0.7.1",
      "resolved": "https://registry.npmjs.org/node-watch/-/node-watch-0.7.1.tgz",
      "integrity": "sha512-UWblPYuZYrkCQCW5PxAwYSxaELNBLUckrTBBk8xr1/bUgyOkYYTsUcV4e3ytcazFEOyiRyiUrsG37pu6I0I05g=="
    },
    "sleepjs": {
      "version": "4.0.2",
      "resolved": "https://registry.npmjs.org/sleepjs/-/sleepjs-4.0.2.tgz",
      "integrity": "sha512-wjw2GC2emdnukz6hc87A4cHlU+gjuc121pFU11UgbJXh3+3sgJqmvilfdGAmBwsvVYPxj7SZVdS0hL9YBPbrZQ=="
    },
    "uuid": {
      "version": "8.3.2",
      "resolved": "https://registry.npmjs.org/uuid/-/uuid-8.3.2.tgz",
      "integrity": "sha512-+NYs2QeMWy+GWFOEm9xnn6HCDp0l7QBD7ml8zLUmJ+93Q5NF0NocErnwkTkXVFNiX3/fpC6afS8Dhb/gz7R7eg=="
    }
  }
}
